
Microsoft Visual Studio Solution File, Format Version 12.00
# Visual Studio Version 17
VisualStudioVersion = 17.8.34330.188
MinimumVisualStudioVersion = 10.0.40219.1
Project("{8BC9CEB8-8B4A-11D0-8D11-00A0C91BC942}") = "injector", "injector\injector.vcxproj", "{58B0DD3C-B189-4285-B37E-7A7DD8ABF5B4}"
EndProject
Project("{8BC9CEB8-8B4A-11D0-8D11-00A0C91BC942}") = "dangerous", "src\dangerous.vcxproj", "{F001D685-DCC6-4955-8282-A713AE718D49}"
EndProject
Global
	GlobalSection(SolutionConfigurationPlatforms) = preSolution
		Debug|x86 = Debug|x86
		Release|x86 = Release|x86
	EndGlobalSection
	GlobalSection(ProjectConfigurationPlatforms) = postSolution
		{58B0DD3C-B189-4285-B37E-7A7DD8ABF5B4}.Debug|x86.ActiveCfg = Debug|Win32
		{58B0DD3C-B189-4285-B37E-7A7DD8ABF5B4}.Debug|x86.Build.0 = Debug|Win32
		{58B0DD3C-B189-4285-B37E-7A7DD8ABF5B4}.Release|x86.ActiveCfg = Release|Win32
		{58B0DD3C-B189-4285-B37E-7A7DD8ABF5B4}.Release|x86.Build.0 = Release|Win32
		{F001D685-DCC6-4955-8282-A713AE718D49}.Debug|x86.ActiveCfg = Debug|Win32
		{F001D685-DCC6-4955-8282-A713AE718D49}.Debug|x86.Build.0 = Debug|Win32
		{F001D685-DCC6-4955-8282-A713AE718D49}.Release|x86.ActiveCfg = Release|Win32
		{F001D685-DCC6-4955-8282-A713AE718D49}.Release|x86.Build.0 = Release|Win32
	EndGlobalSection
	GlobalSection(SolutionProperties) = preSolution
		HideSolutionNode = FALSE
	EndGlobalSection
EndGlobal
